github.com/joho/godotenv v1.4.0 h1:3l4+N6zfMWnkbPEXKng2o2/MR5mSwTrBih4ZEkkz1lg=
github.com/joho/godotenv v1.4.0/go.mod h1:f4LDr5Voq0i2e/R5DDNOoa2zzDfwtkZa6DnEwAbqwq4=
github.com/rinocodes/telegobot v0.0.0-20211003224015-b540de080ca9 h1:NXRGQp/qOHbU/1hzWR7IXHiwBzOhuwM/ajSwC9eXZ6s=
github.com/rinocodes/telegobot v0.0.0-20211003224015-b540de080ca9/go.mod h1:y4G03qhzUddiuR/IREQc1FcZ/zHzI9/u1uaVXlhedRY=
github.com/rinocodes/telegobot v0.0.0-20211004095207-d8c25d8b442d h1:OPL6vcwYArbgUQOqjBhB5gDR8c2SakMZnx+oYsiILbg=
github.com/rinocodes/telegobot v0.0.0-20211004095207-d8c25d8b442d/go.mod h1:y4G03qhzUddiuR/IREQc1FcZ/zHzI9/u1uaVXlhedRY=
